
Microsoft Visual Studio Solution File, Format Version 12.00
# Visual Studio Version 16
VisualStudioVersion = 16.0.31205.134
MinimumVisualStudioVersion = 10.0.40219.1
Project("{FAE04EC0-301F-11D3-BF4B-00C04F79EFBC}") = "Network Setup", "Network Setup\Network Setup.csproj", "{FB59FE09-C527-4B2E-935D-9A4B9FFFA018}"
EndProject
Project("{54435603-DBB4-11D2-8724-00A0C9A8B90C}") = "Setup", "Setup\Setup.vdproj", "{EABCC6B0-7063-4191-931D-2E2D5441F2FE}"
EndProject
Global
	GlobalSection(SolutionConfigurationPlatforms) = preSolution
		Debug|Any CPU = Debug|Any CPU
		Release|Any CPU = Release|Any CPU
	EndGlobalSection
	GlobalSection(ProjectConfigurationPlatforms) = postSolution
		{FB59FE09-C527-4B2E-935D-9A4B9FFFA018}.Debug|Any CPU.ActiveCfg = Debug|Any CPU
		{FB59FE09-C527-4B2E-935D-9A4B9FFFA018}.Debug|Any CPU.Build.0 = Debug|Any CPU
		{FB59FE09-C527-4B2E-935D-9A4B9FFFA018}.Release|Any CPU.ActiveCfg = Release|Any CPU
		{FB59FE09-C527-4B2E-935D-9A4B9FFFA018}.Release|Any CPU.Build.0 = Release|Any CPU
		{EABCC6B0-7063-4191-931D-2E2D5441F2FE}.Debug|Any CPU.ActiveCfg = Debug
		{EABCC6B0-7063-4191-931D-2E2D5441F2FE}.Release|Any CPU.ActiveCfg = Release
	EndGlobalSection
	GlobalSection(SolutionProperties) = preSolution
		HideSolutionNode = FALSE
	EndGlobalSection
	GlobalSection(ExtensibilityGlobals) = postSolution
		SolutionGuid = {785C674D-7258-42A2-8B68-DA452DC2D353}
	EndGlobalSection
EndGlobal
